<?xml version="1.0" encoding="utf-8"?>
<Project ToolsVersion="4.0" xmlns="http://schemas.microsoft.com/developer/msbuild/2003">
  <ItemGroup>
    <Filter Include="Source Files">
      <UniqueIdentifier>{4FC737F1-C7A5-4376-A066-2A32D752A2FF}</UniqueIdentifier>
      <Extensions>cpp;c;cc;cxx;c++;cppm;ixx;def;odl;idl;hpj;bat;asm;asmx</Extensions>
    </Filter>
    <Filter Include="Header Files">
      <UniqueIdentifier>{93995380-89BD-4b04-88EB-625FBE52EBFB}</UniqueIdentifier>
      <Extensions>h;hh;hpp;hxx;h++;hm;inl;inc;ipp;xsd</Extensions>
    </Filter>
    <Filter Include="Resource Files">
      <UniqueIdentifier>{67DA6AB6-F800-4c08-8B7A-83BB121AAD01}</UniqueIdentifier>
      <Extensions>rc;ico;cur;bmp;dlg;rc2;rct;bin;rgs;gif;jpg;jpeg;jpe;resx;tiff;tif;png;wav;mfcribbon-ms</Extensions>
    </Filter>
  </ItemGroup>
  <ItemGroup>
    <ClCompile Include="Game\Jugador\Jugador.cpp">
      <Filter>Source Files</Filter>
    </ClCompile>
    <ClCompile Include="Game\Efectes adversos\Temps\Meteorologia.cpp">
      <Filter>Source Files</Filter>
    </ClCompile>
    <ClCompile Include="Game\Inventari\Inventari.cpp">
      <Filter>Source Files</Filter>
    </ClCompile>
    <ClCompile Include="Game\Interficies\Dialeg.cpp">
      <Filter>Source Files</Filter>
    </ClCompile>
    <ClCompile Include="Game\Inventari\ProducteVegetal\Cultiu.cpp">
      <Filter>Source Files</Filter>
    </ClCompile>
    <ClCompile Include="Game\Animacions\AnimationManager.cpp">
      <Filter>Source Files</Filter>
    </ClCompile>
    <ClCompile Include="Engine\Graphics\ResourceManager.cpp">
      <Filter>Source Files</Filter>
    </ClCompile>
    <ClCompile Include="Engine\Graphics\Video.cpp">
      <Filter>Source Files</Filter>
    </ClCompile>
    <ClCompile Include="Engine\Input\InputManager.cpp">
      <Filter>Source Files</Filter>
    </ClCompile>
    <ClCompile Include="Engine\Input\Keyboard.cpp">
      <Filter>Source Files</Filter>
    </ClCompile>
    <ClCompile Include="Engine\Scene\Scene.cpp">
      <Filter>Source Files</Filter>
    </ClCompile>
    <ClCompile Include="Engine\Scene\SceneManager.cpp">
      <Filter>Source Files</Filter>
    </ClCompile>
    <ClCompile Include="Engine\Sound\SoundManager.cpp">
      <Filter>Source Files</Filter>
    </ClCompile>
    <ClCompile Include="Altres\main.cpp">
      <Filter>Source Files</Filter>
    </ClCompile>
    <ClCompile Include="Game\Escenes\Especials\Intro.cpp">
      <Filter>Source Files</Filter>
    </ClCompile>
    <ClCompile Include="Game\Escenes\Especials\MainMenu.cpp">
      <Filter>Source Files</Filter>
    </ClCompile>
    <ClCompile Include="Game\Escenes\Granja\Casa.cpp">
      <Filter>Source Files</Filter>
    </ClCompile>
    <ClCompile Include="Game\Escenes\Granja\Granja.cpp">
      <Filter>Source Files</Filter>
    </ClCompile>
    <ClCompile Include="Game\Escenes\Granja\EstableVaques.cpp">
      <Filter>Source Files</Filter>
    </ClCompile>
    <ClCompile Include="Game\Escenes\Granja\EstableGallines.cpp">
      <Filter>Source Files</Filter>
    </ClCompile>
    <ClCompile Include="Game\Escenes\Granja\CasetaEines.cpp">
      <Filter>Source Files</Filter>
    </ClCompile>
    <ClCompile Include="Game\Escenes\Cova\Cova.cpp">
      <Filter>Source Files</Filter>
    </ClCompile>
    <ClCompile Include="Game\Escenes\Cova\CovaTapada.cpp">
      <Filter>Source Files</Filter>
    </ClCompile>
    <ClCompile Include="Game\Escenes\Cova\CovaSpa.cpp">
      <Filter>Source Files</Filter>
    </ClCompile>
    <ClCompile Include="Game\Escenes\Cova\CovaProfunda.cpp">
      <Filter>Source Files</Filter>
    </ClCompile>
    <ClCompile Include="Game\Escenes\Poble\Poble.cpp">
      <Filter>Source Files</Filter>
    </ClCompile>
    <ClCompile Include="Game\Escenes\Poble\FlowerShop.cpp">
      <Filter>Source Files</Filter>
    </ClCompile>
    <ClCompile Include="Game\Escenes\Poble\JuiceBar.cpp">
      <Filter>Source Files</Filter>
    </ClCompile>
    <ClCompile Include="Game\Escenes\Poble\Carpenter.cpp">
      <Filter>Source Files</Filter>
    </ClCompile>
    <ClCompile Include="Game\Escenes\Poble\Church.cpp">
      <Filter>Source Files</Filter>
    </ClCompile>
    <ClCompile Include="Game\Escenes\Poble\ToolShop.cpp">
      <Filter>Source Files</Filter>
    </ClCompile>
    <ClCompile Include="Game\Escenes\Poble\Restaurant.cpp">
      <Filter>Source Files</Filter>
    </ClCompile>
    <ClCompile Include="Game\Escenes\Poble\AnimalShop.cpp">
      <Filter>Source Files</Filter>
    </ClCompile>
    <ClCompile Include="Game\Mapa\Mapa.cpp">
      <Filter>Source Files</Filter>
    </ClCompile>
    <ClCompile Include="Game\Mapa\Tileset.cpp">
      <Filter>Source Files</Filter>
    </ClCompile>
    <ClCompile Include="Game\Mapa\Layer.cpp">
      <Filter>Source Files</Filter>
    </ClCompile>
    <ClCompile Include="Altres\Llibreries\tinyxml2.cpp">
      <Filter>Source Files</Filter>
    </ClCompile>
    <ClCompile Include="Game\Inventari\Eines\Eina.cpp">
      <Filter>Source Files</Filter>
    </ClCompile>
    <ClCompile Include="Game\Inventari\ProducteAnimal\Productes.cpp">
      <Filter>Source Files</Filter>
    </ClCompile>
    <ClCompile Include="Game\Escenes\Escena.cpp">
      <Filter>Source Files</Filter>
    </ClCompile>
    <ClCompile Include="Game\Escenes\DirectorEscenes.cpp">
      <Filter>Source Files</Filter>
    </ClCompile>
    <ClCompile Include="Game\Escenes\Especials\Proves.cpp">
      <Filter>Source Files</Filter>
    </ClCompile>
  </ItemGroup>
  <ItemGroup>
    <ClInclude Include="Game\Jugador\Jugador.h">
      <Filter>Header Files</Filter>
    </ClInclude>
    <ClInclude Include="Game\Efectes adversos\Temps\Meteorologia.h">
      <Filter>Header Files</Filter>
    </ClInclude>
    <ClInclude Include="Game\Inventari\Inventari.h">
      <Filter>Header Files</Filter>
    </ClInclude>
    <ClInclude Include="Game\Interficies\Dialeg.h">
      <Filter>Header Files</Filter>
    </ClInclude>
    <ClInclude Include="Game\Inventari\ProducteVegetal\Cultiu.h">
      <Filter>Header Files</Filter>
    </ClInclude>
    <ClInclude Include="Game\Animacions\AnimationManager.h">
      <Filter>Header Files</Filter>
    </ClInclude>
    <ClInclude Include="Engine\Graphics\ResourceManager.h">
      <Filter>Header Files</Filter>
    </ClInclude>
    <ClInclude Include="Engine\Graphics\Video.h">
      <Filter>Header Files</Filter>
    </ClInclude>
    <ClInclude Include="Engine\Input\Gamepad.h">
      <Filter>Header Files</Filter>
    </ClInclude>
    <ClInclude Include="Engine\Input\InputManager.h">
      <Filter>Header Files</Filter>
    </ClInclude>
    <ClInclude Include="Engine\Input\Keyboard.h">
      <Filter>Header Files</Filter>
    </ClInclude>
    <ClInclude Include="Engine\Scene\Scene.h">
      <Filter>Header Files</Filter>
    </ClInclude>
    <ClInclude Include="Engine\Scene\SceneManager.h">
      <Filter>Header Files</Filter>
    </ClInclude>
    <ClInclude Include="Engine\Sound\SoundManager.h">
      <Filter>Header Files</Filter>
    </ClInclude>
    <ClInclude Include="Altres\Definicions.h">
      <Filter>Header Files</Filter>
    </ClInclude>
    <ClInclude Include="Game\Escenes\Especials\Intro.h">
      <Filter>Header Files</Filter>
    </ClInclude>
    <ClInclude Include="Game\Escenes\Especials\MainMenu.h">
      <Filter>Header Files</Filter>
    </ClInclude>
    <ClInclude Include="Game\Escenes\Granja\Casa.h">
      <Filter>Header Files</Filter>
    </ClInclude>
    <ClInclude Include="Game\Escenes\Granja\Granja.h">
      <Filter>Header Files</Filter>
    </ClInclude>
    <ClInclude Include="Game\Escenes\Granja\EstableVaques.h">
      <Filter>Header Files</Filter>
    </ClInclude>
    <ClInclude Include="Game\Escenes\Granja\EstableGallines.h">
      <Filter>Header Files</Filter>
    </ClInclude>
    <ClInclude Include="Game\Escenes\Granja\CasetaEines.h">
      <Filter>Header Files</Filter>
    </ClInclude>
    <ClInclude Include="Game\Escenes\Cova\Cova.h">
      <Filter>Header Files</Filter>
    </ClInclude>
    <ClInclude Include="Game\Escenes\Cova\CovaTapada.h">
      <Filter>Header Files</Filter>
    </ClInclude>
    <ClInclude Include="Game\Escenes\Cova\CovaSpa.h">
      <Filter>Header Files</Filter>
    </ClInclude>
    <ClInclude Include="Game\Escenes\Cova\CovaProfunda.h">
      <Filter>Header Files</Filter>
    </ClInclude>
    <ClInclude Include="Game\Escenes\Poble\Poble.h">
      <Filter>Header Files</Filter>
    </ClInclude>
    <ClInclude Include="Game\Escenes\Poble\FlowerShop.h">
      <Filter>Header Files</Filter>
    </ClInclude>
    <ClInclude Include="Game\Escenes\Poble\JuiceBar.h">
      <Filter>Header Files</Filter>
    </ClInclude>
    <ClInclude Include="Game\Escenes\Poble\Carpenter.h">
      <Filter>Header Files</Filter>
    </ClInclude>
    <ClInclude Include="Game\Escenes\Poble\Church.h">
      <Filter>Header Files</Filter>
    </ClInclude>
    <ClInclude Include="Game\Escenes\Poble\ToolShop.h">
      <Filter>Header Files</Filter>
    </ClInclude>
    <ClInclude Include="Game\Escenes\Poble\Restaurant.h">
      <Filter>Header Files</Filter>
    </ClInclude>
    <ClInclude Include="Game\Escenes\Poble\AnimalShop.h">
      <Filter>Header Files</Filter>
    </ClInclude>
    <ClInclude Include="Game\Mapa\Mapa.h">
      <Filter>Header Files</Filter>
    </ClInclude>
    <ClInclude Include="Game\Mapa\Tileset.h">
      <Filter>Header Files</Filter>
    </ClInclude>
    <ClInclude Include="Game\Mapa\Layer.h">
      <Filter>Header Files</Filter>
    </ClInclude>
    <ClInclude Include="Altres\Llibreries\tinyxml2.h">
      <Filter>Header Files</Filter>
    </ClInclude>
    <ClInclude Include="Game\Inventari\Eines\Eina.h">
      <Filter>Header Files</Filter>
    </ClInclude>
    <ClInclude Include="Game\Inventari\ProducteAnimal\Productes.h">
      <Filter>Header Files</Filter>
    </ClInclude>
    <ClInclude Include="Game\Escenes\Escena.h">
      <Filter>Header Files</Filter>
    </ClInclude>
    <ClInclude Include="Game\Escenes\DirectorEscenes.h">
      <Filter>Header Files</Filter>
    </ClInclude>
    <ClInclude Include="Game\Escenes\Especials\Proves.h">
      <Filter>Header Files</Filter>
    </ClInclude>
  </ItemGroup>
  <ItemGroup>
    <None Include="Llibreries\libFLAC-8.dll" />
    <None Include="Llibreries\libjpeg-9.dll" />
    <None Include="Llibreries\libmodplug-1.dll" />
    <None Include="Llibreries\libmpg123-0.dll" />
    <None Include="Llibreries\libogg-0.dll" />
    <None Include="Llibreries\libopus-0.dll" />
    <None Include="Llibreries\libopusfile-0.dll" />
    <None Include="Llibreries\libpng16-16.dll" />
    <None Include="Llibreries\libtiff-5.dll" />
    <None Include="Llibreries\libvorbis-0.dll" />
    <None Include="Llibreries\libvorbisfile-3.dll" />
    <None Include="Llibreries\libwebp-7.dll" />
    <None Include="Llibreries\SDL2.dll" />
    <None Include="Llibreries\SDL2_image.dll" />
    <None Include="Llibreries\SDL2_mixer.dll" />
    <None Include="Llibreries\zlib1.dll" />
    <None Include="Altres\ClassDiagram.cd" />
    <None Include="libFLAC-8.dll" />
    <None Include="libjpeg-9.dll" />
    <None Include="libmodplug-1.dll" />
    <None Include="libmpg123-0.dll" />
    <None Include="libogg-0.dll" />
    <None Include="libopus-0.dll" />
    <None Include="libopusfile-0.dll" />
    <None Include="libpng16-16.dll" />
    <None Include="libtiff-5.dll" />
    <None Include="libvorbis-0.dll" />
    <None Include="libvorbisfile-3.dll" />
    <None Include="libwebp-7.dll" />
    <None Include="SDL2.dll" />
    <None Include="SDL2_image.dll" />
    <None Include="SDL2_mixer.dll" />
    <None Include="zlib1.dll" />
    <None Include="Resources\Images\Altres\level_scroll.tmx" />
    <None Include="Resources\Images\Altres\tileset_scroll.tsx" />
    <None Include="Resources\Images\Tmx\Caseta 1.tsx" />
    <None Include="Resources\Images\Tmx\Caseta 2.tsx" />
    <None Include="Resources\Images\Tmx\Edifici casa eines.tsx" />
    <None Include="Resources\Images\Tmx\Edifici casa.tsx" />
    <None Include="Resources\Images\Tmx\Edifici estable gallina.tsx" />
    <None Include="Resources\Images\Tmx\Edifici estable vaca.tsx" />
    <None Include="Resources\Images\Tmx\Edifici sitja.tsx" />
    <None Include="Resources\Images\Tmx\Granja.tmx" />
    <None Include="Resources\Images\Tmx\Tileset cultius.tsx" />
    <None Include="Resources\Images\Tmx\Tileset obstacles.tsx" />
  </ItemGroup>
  <ItemGroup>
    <Image Include="Resources\Images\Barn &amp; Coop Inside.png">
      <Filter>Resource Files</Filter>
    </Image>
    <Image Include="Resources\Images\base.png">
      <Filter>Resource Files</Filter>
    </Image>
    <Image Include="Resources\Images\Chicken.png">
      <Filter>Resource Files</Filter>
    </Image>
    <Image Include="Resources\Images\Crops and items.png">
      <Filter>Resource Files</Filter>
    </Image>
    <Image Include="Resources\Images\Farm Spring.png">
      <Filter>Resource Files</Filter>
    </Image>
    <Image Include="Resources\Images\Pets.png">
      <Filter>Resource Files</Filter>
    </Image>
    <Image Include="Resources\Images\Tiles.png">
      <Filter>Resource Files</Filter>
    </Image>
    <Image Include="Resources\Images\Tool Shed Inside.png">
      <Filter>Resource Files</Filter>
    </Image>
    <Image Include="Resources\Images\Village.png">
      <Filter>Resource Files</Filter>
    </Image>
    <Image Include="Resources\Images\Altres\background.png">
      <Filter>Resource Files</Filter>
    </Image>
    <Image Include="Resources\Images\Altres\charger.png">
      <Filter>Resource Files</Filter>
    </Image>
    <Image Include="Resources\Images\Altres\guybrush.png">
      <Filter>Resource Files</Filter>
    </Image>
    <Image Include="Resources\Images\Altres\rocks.png">
      <Filter>Resource Files</Filter>
    </Image>
    <Image Include="Resources\Images\Personatges\Cain.png">
      <Filter>Resource Files</Filter>
    </Image>
    <Image Include="Resources\Images\Personatges\Carpenter Ken.png">
      <Filter>Resource Files</Filter>
    </Image>
    <Image Include="Resources\Images\Personatges\Chet.png">
      <Filter>Resource Files</Filter>
    </Image>
    <Image Include="Resources\Images\Personatges\Daisy.png">
      <Filter>Resource Files</Filter>
    </Image>
    <Image Include="Resources\Images\Personatges\Doctor.png">
      <Filter>Resource Files</Filter>
    </Image>
    <Image Include="Resources\Images\Personatges\Harvest Sprites.png">
      <Filter>Resource Files</Filter>
    </Image>
    <Image Include="Resources\Images\Personatges\Intro Grandpa.png">
      <Filter>Resource Files</Filter>
    </Image>
    <Image Include="Resources\Images\Personatges\Mary.png">
      <Filter>Resource Files</Filter>
    </Image>
    <Image Include="Resources\Images\Personatges\Mayor.png">
      <Filter>Resource Files</Filter>
    </Image>
    <Image Include="Resources\Images\Personatges\Rosie and Chocola.png">
      <Filter>Resource Files</Filter>
    </Image>
    <Image Include="Resources\Images\Personatges\Will &amp; Bill.png">
      <Filter>Resource Files</Filter>
    </Image>
    <Image Include="Resources\Images\Mascotes.png">
      <Filter>Resource Files</Filter>
    </Image>
    <Image Include="Resources\Images\Pollastre.png">
      <Filter>Resource Files</Filter>
    </Image>
    <Image Include="Resources\Images\Pollastres.png">
      <Filter>Resource Files</Filter>
    </Image>
    <Image Include="Resources\Images\TilesetCultius.png">
      <Filter>Resource Files</Filter>
    </Image>
    <Image Include="Resources\Images\TilesetObstacles.png">
      <Filter>Resource Files</Filter>
    </Image>
    <Image Include="Resources\Images\Altres\level_scroll.png">
      <Filter>Resource Files</Filter>
    </Image>
    <Image Include="Resources\Images\Altres\tileset_scroll.png">
      <Filter>Resource Files</Filter>
    </Image>
    <Image Include="Resources\Images\Edificis\Caseta 1.png">
      <Filter>Resource Files</Filter>
    </Image>
    <Image Include="Resources\Images\Edificis\Caseta 2.png">
      <Filter>Resource Files</Filter>
    </Image>
    <Image Include="Resources\Images\Edificis\Edifici casa eines.png">
      <Filter>Resource Files</Filter>
    </Image>
    <Image Include="Resources\Images\Edificis\Edifici casa.png">
      <Filter>Resource Files</Filter>
    </Image>
    <Image Include="Resources\Images\Edificis\Edifici estable gallina interior.png">
      <Filter>Resource Files</Filter>
    </Image>
    <Image Include="Resources\Images\Edificis\Edifici estable gallina.png">
      <Filter>Resource Files</Filter>
    </Image>
    <Image Include="Resources\Images\Edificis\Edifici estable vaca interior.png">
      <Filter>Resource Files</Filter>
    </Image>
    <Image Include="Resources\Images\Edificis\Edifici estable vaca.png">
      <Filter>Resource Files</Filter>
    </Image>
    <Image Include="Resources\Images\Edificis\Edifici sitja.png">
      <Filter>Resource Files</Filter>
    </Image>
  </ItemGroup>
  <ItemGroup>
    <Media Include="Resources\Sounds\death.wav">
      <Filter>Resource Files</Filter>
    </Media>
    <Media Include="Resources\Sounds\gameover.wav">
      <Filter>Resource Files</Filter>
    </Media>
    <Media Include="Resources\Sounds\Monster-Snoring.wav">
      <Filter>Resource Files</Filter>
    </Media>
    <Media Include="Resources\Sounds\shock-wall.wav">
      <Filter>Resource Files</Filter>
    </Media>
    <Media Include="Resources\Sounds\step-human.wav">
      <Filter>Resource Files</Filter>
    </Media>
    <Media Include="Resources\Sounds\step-monster.wav">
      <Filter>Resource Files</Filter>
    </Media>
    <Media Include="Resources\Sounds\victory.wav">
      <Filter>Resource Files</Filter>
    </Media>
    <Media Include="Resources\Sounds\waterfall.wav">
      <Filter>Resource Files</Filter>
    </Media>
  </ItemGroup>
  <ItemGroup>
    <Xml Include="Resources\XMLs\Cultius.xml" />
    <Xml Include="Resources\XMLs\Obstacles.xml" />
  </ItemGroup>
</Project>